
Microsoft Visual Studio Solution File, Format Version 12.00
Project("{FAE04EC0-301F-11D3-BF4B-00C04F79EFBC}") = "WebApp", "WebApp\WebApp.csproj", "{6817B65F-4641-4FDC-8FA9-86DAD217D2F5}"
EndProject
Project("{FAE04EC0-301F-11D3-BF4B-00C04F79EFBC}") = "App.Domain", "App.Domain\App.Domain.csproj", "{60D1120C-70EA-4D6F-9E82-B61AB5658238}"
EndProject
Project("{FAE04EC0-301F-11D3-BF4B-00C04F79EFBC}") = "App.DAL.EF", "App.DAL.EF\App.DAL.EF.csproj", "{B0CF87E3-AF1E-4948-AD32-171ECB03DFC9}"
EndProject
Project("{2150E333-8FDC-42A3-9474-1A3956D46DE8}") = "Solution Items", "Solution Items", "{F6BC8E04-A3F4-4516-921E-40F36548EDCF}"
	ProjectSection(SolutionItems) = preProject
					.gitignore = .gitignore
		README.md = README.md
		docker.compose.yml = docker.compose.yml
		..\..\..\..\Directory.Build.props = ..\..\..\..\Directory.Build.props
		.dockerignore = .dockerignore
		Dockerfile = Dockerfile
	EndProjectSection
EndProject
Project("{FAE04EC0-301F-11D3-BF4B-00C04F79EFBC}") = "Base.Domain", "Base.Domain\Base.Domain.csproj", "{0B01EC8A-4CE0-4223-82FC-B89ED35E2F90}"
EndProject
Project("{2150E333-8FDC-42A3-9474-1A3956D46DE8}") = "App", "App", "{E2D51747-4E86-4814-A876-D39C917D95E2}"
EndProject
Project("{2150E333-8FDC-42A3-9474-1A3956D46DE8}") = "Base", "Base", "{DFB23DA3-45A2-499B-9683-D4349670B677}"
EndProject
Project("{2150E333-8FDC-42A3-9474-1A3956D46DE8}") = "Contracts", "Contracts", "{E377FAA2-D1ED-4987-81CB-BB84D66B4143}"
EndProject
Project("{FAE04EC0-301F-11D3-BF4B-00C04F79EFBC}") = "Base.Domain.Contracts", "Base.Domain.Contracts\Base.Domain.Contracts.csproj", "{45F55649-FADF-497C-9E9A-C5D96BBEE960}"
EndProject
Project("{FAE04EC0-301F-11D3-BF4B-00C04F79EFBC}") = "Base.DAL.Contracts", "Base.DAL.Contracts\Base.DAL.Contracts.csproj", "{1DAD3545-0EE1-4070-94AC-1CD9F3050372}"
EndProject
Project("{FAE04EC0-301F-11D3-BF4B-00C04F79EFBC}") = "Base.DAL.EF", "Base.DAL.EF\Base.DAL.EF.csproj", "{619B6AB9-5516-4459-AF03-FF3070DE35BD}"
EndProject
Project("{2150E333-8FDC-42A3-9474-1A3956D46DE8}") = "Contracts", "Contracts", "{F2F3FED2-E2F4-4BEC-A437-17D27FDCB040}"
EndProject
Project("{FAE04EC0-301F-11D3-BF4B-00C04F79EFBC}") = "App.DAL.Contracts", "App.DAL.Contracts\App.DAL.Contracts.csproj", "{418BC39D-C665-43EA-8BAD-3780806A6ABF}"
EndProject
Project("{FAE04EC0-301F-11D3-BF4B-00C04F79EFBC}") = "Base.Helpers", "Base.Helpers\Base.Helpers.csproj", "{EE154E2C-08D7-4A0F-9116-4CD80CCE3BDF}"
EndProject
Project("{FAE04EC0-301F-11D3-BF4B-00C04F79EFBC}") = "App.Public.DTO", "App.Public.DTO\App.Public.DTO.csproj", "{17F066E8-A174-4BFC-88DC-1259B438768A}"
EndProject
Project("{FAE04EC0-301F-11D3-BF4B-00C04F79EFBC}") = "Base.Contracts", "Base.Contracts\Base.Contracts.csproj", "{455EDC73-EA94-4A32-8DA8-0EEC7E41C245}"
EndProject
Project("{FAE04EC0-301F-11D3-BF4B-00C04F79EFBC}") = "Base.DAL", "Base.DAL\Base.DAL.csproj", "{1FDC640F-8AFB-4CFC-9F72-AC7F72495005}"
EndProject
Project("{FAE04EC0-301F-11D3-BF4B-00C04F79EFBC}") = "App.DAL.DTO", "App.DAL.DTO\App.DAL.DTO.csproj", "{97C13304-902E-4A90-A76D-6D2E46DE091C}"
EndProject
Project("{FAE04EC0-301F-11D3-BF4B-00C04F79EFBC}") = "Base.BLL.Contracts", "Base.BLL.Contracts\Base.BLL.Contracts.csproj", "{333AB1F2-8FBB-486F-90AE-CBEE11435F8D}"
EndProject
Project("{FAE04EC0-301F-11D3-BF4B-00C04F79EFBC}") = "Base.BLL", "Base.BLL\Base.BLL.csproj", "{24BBD596-354C-4938-85AE-FB7A5834AD98}"
EndProject
Project("{FAE04EC0-301F-11D3-BF4B-00C04F79EFBC}") = "App.BLL", "App.BLL\App.BLL.csproj", "{06CE66FB-4611-4796-86E4-5C7A439EA731}"
EndProject
Project("{FAE04EC0-301F-11D3-BF4B-00C04F79EFBC}") = "App.BLL.DTO", "App.BLL.DTO\App.BLL.DTO.csproj", "{549FEA7E-9817-487E-936D-D6F812615D8D}"
EndProject
Project("{FAE04EC0-301F-11D3-BF4B-00C04F79EFBC}") = "App.BLL.Contracts", "App.BLL.Contracts\App.BLL.Contracts.csproj", "{1212A26A-ABC2-4D31-9F77-1FA3964BBA82}"
EndProject
Project("{FAE04EC0-301F-11D3-BF4B-00C04F79EFBC}") = "Tests", "Tests\Tests.csproj", "{5124B29E-6C3A-4B95-8243-16287BF39CD6}"
EndProject
Global
	GlobalSection(SolutionConfigurationPlatforms) = preSolution
		Debug|Any CPU = Debug|Any CPU
		Release|Any CPU = Release|Any CPU
	EndGlobalSection
	GlobalSection(ProjectConfigurationPlatforms) = postSolution
		{6817B65F-4641-4FDC-8FA9-86DAD217D2F5}.Debug|Any CPU.ActiveCfg = Debug|Any CPU
		{6817B65F-4641-4FDC-8FA9-86DAD217D2F5}.Debug|Any CPU.Build.0 = Debug|Any CPU
		{6817B65F-4641-4FDC-8FA9-86DAD217D2F5}.Release|Any CPU.ActiveCfg = Release|Any CPU
		{6817B65F-4641-4FDC-8FA9-86DAD217D2F5}.Release|Any CPU.Build.0 = Release|Any CPU
		{60D1120C-70EA-4D6F-9E82-B61AB5658238}.Debug|Any CPU.ActiveCfg = Debug|Any CPU
		{60D1120C-70EA-4D6F-9E82-B61AB5658238}.Debug|Any CPU.Build.0 = Debug|Any CPU
		{60D1120C-70EA-4D6F-9E82-B61AB5658238}.Release|Any CPU.ActiveCfg = Release|Any CPU
		{60D1120C-70EA-4D6F-9E82-B61AB5658238}.Release|Any CPU.Build.0 = Release|Any CPU
		{B0CF87E3-AF1E-4948-AD32-171ECB03DFC9}.Debug|Any CPU.ActiveCfg = Debug|Any CPU
		{B0CF87E3-AF1E-4948-AD32-171ECB03DFC9}.Debug|Any CPU.Build.0 = Debug|Any CPU
		{B0CF87E3-AF1E-4948-AD32-171ECB03DFC9}.Release|Any CPU.ActiveCfg = Release|Any CPU
		{B0CF87E3-AF1E-4948-AD32-171ECB03DFC9}.Release|Any CPU.Build.0 = Release|Any CPU
		{0B01EC8A-4CE0-4223-82FC-B89ED35E2F90}.Debug|Any CPU.ActiveCfg = Debug|Any CPU
		{0B01EC8A-4CE0-4223-82FC-B89ED35E2F90}.Debug|Any CPU.Build.0 = Debug|Any CPU
		{0B01EC8A-4CE0-4223-82FC-B89ED35E2F90}.Release|Any CPU.ActiveCfg = Release|Any CPU
		{0B01EC8A-4CE0-4223-82FC-B89ED35E2F90}.Release|Any CPU.Build.0 = Release|Any CPU
		{45F55649-FADF-497C-9E9A-C5D96BBEE960}.Debug|Any CPU.ActiveCfg = Debug|Any CPU
		{45F55649-FADF-497C-9E9A-C5D96BBEE960}.Debug|Any CPU.Build.0 = Debug|Any CPU
		{45F55649-FADF-497C-9E9A-C5D96BBEE960}.Release|Any CPU.ActiveCfg = Release|Any CPU
		{45F55649-FADF-497C-9E9A-C5D96BBEE960}.Release|Any CPU.Build.0 = Release|Any CPU
		{1DAD3545-0EE1-4070-94AC-1CD9F3050372}.Debug|Any CPU.ActiveCfg = Debug|Any CPU
		{1DAD3545-0EE1-4070-94AC-1CD9F3050372}.Debug|Any CPU.Build.0 = Debug|Any CPU
		{1DAD3545-0EE1-4070-94AC-1CD9F3050372}.Release|Any CPU.ActiveCfg = Release|Any CPU
		{1DAD3545-0EE1-4070-94AC-1CD9F3050372}.Release|Any CPU.Build.0 = Release|Any CPU
		{619B6AB9-5516-4459-AF03-FF3070DE35BD}.Debug|Any CPU.ActiveCfg = Debug|Any CPU
		{619B6AB9-5516-4459-AF03-FF3070DE35BD}.Debug|Any CPU.Build.0 = Debug|Any CPU
		{619B6AB9-5516-4459-AF03-FF3070DE35BD}.Release|Any CPU.ActiveCfg = Release|Any CPU
		{619B6AB9-5516-4459-AF03-FF3070DE35BD}.Release|Any CPU.Build.0 = Release|Any CPU
		{418BC39D-C665-43EA-8BAD-3780806A6ABF}.Debug|Any CPU.ActiveCfg = Debug|Any CPU
		{418BC39D-C665-43EA-8BAD-3780806A6ABF}.Debug|Any CPU.Build.0 = Debug|Any CPU
		{418BC39D-C665-43EA-8BAD-3780806A6ABF}.Release|Any CPU.ActiveCfg = Release|Any CPU
		{418BC39D-C665-43EA-8BAD-3780806A6ABF}.Release|Any CPU.Build.0 = Release|Any CPU
		{EE154E2C-08D7-4A0F-9116-4CD80CCE3BDF}.Debug|Any CPU.ActiveCfg = Debug|Any CPU
		{EE154E2C-08D7-4A0F-9116-4CD80CCE3BDF}.Debug|Any CPU.Build.0 = Debug|Any CPU
		{EE154E2C-08D7-4A0F-9116-4CD80CCE3BDF}.Release|Any CPU.ActiveCfg = Release|Any CPU
		{EE154E2C-08D7-4A0F-9116-4CD80CCE3BDF}.Release|Any CPU.Build.0 = Release|Any CPU
		{17F066E8-A174-4BFC-88DC-1259B438768A}.Debug|Any CPU.ActiveCfg = Debug|Any CPU
		{17F066E8-A174-4BFC-88DC-1259B438768A}.Debug|Any CPU.Build.0 = Debug|Any CPU
		{17F066E8-A174-4BFC-88DC-1259B438768A}.Release|Any CPU.ActiveCfg = Release|Any CPU
		{17F066E8-A174-4BFC-88DC-1259B438768A}.Release|Any CPU.Build.0 = Release|Any CPU
		{455EDC73-EA94-4A32-8DA8-0EEC7E41C245}.Debug|Any CPU.ActiveCfg = Debug|Any CPU
		{455EDC73-EA94-4A32-8DA8-0EEC7E41C245}.Debug|Any CPU.Build.0 = Debug|Any CPU
		{455EDC73-EA94-4A32-8DA8-0EEC7E41C245}.Release|Any CPU.ActiveCfg = Release|Any CPU
		{455EDC73-EA94-4A32-8DA8-0EEC7E41C245}.Release|Any CPU.Build.0 = Release|Any CPU
		{1FDC640F-8AFB-4CFC-9F72-AC7F72495005}.Debug|Any CPU.ActiveCfg = Debug|Any CPU
		{1FDC640F-8AFB-4CFC-9F72-AC7F72495005}.Debug|Any CPU.Build.0 = Debug|Any CPU
		{1FDC640F-8AFB-4CFC-9F72-AC7F72495005}.Release|Any CPU.ActiveCfg = Release|Any CPU
		{1FDC640F-8AFB-4CFC-9F72-AC7F72495005}.Release|Any CPU.Build.0 = Release|Any CPU
		{97C13304-902E-4A90-A76D-6D2E46DE091C}.Debug|Any CPU.ActiveCfg = Debug|Any CPU
		{97C13304-902E-4A90-A76D-6D2E46DE091C}.Debug|Any CPU.Build.0 = Debug|Any CPU
		{97C13304-902E-4A90-A76D-6D2E46DE091C}.Release|Any CPU.ActiveCfg = Release|Any CPU
		{97C13304-902E-4A90-A76D-6D2E46DE091C}.Release|Any CPU.Build.0 = Release|Any CPU
		{333AB1F2-8FBB-486F-90AE-CBEE11435F8D}.Debug|Any CPU.ActiveCfg = Debug|Any CPU
		{333AB1F2-8FBB-486F-90AE-CBEE11435F8D}.Debug|Any CPU.Build.0 = Debug|Any CPU
		{333AB1F2-8FBB-486F-90AE-CBEE11435F8D}.Release|Any CPU.ActiveCfg = Release|Any CPU
		{333AB1F2-8FBB-486F-90AE-CBEE11435F8D}.Release|Any CPU.Build.0 = Release|Any CPU
		{24BBD596-354C-4938-85AE-FB7A5834AD98}.Debug|Any CPU.ActiveCfg = Debug|Any CPU
		{24BBD596-354C-4938-85AE-FB7A5834AD98}.Debug|Any CPU.Build.0 = Debug|Any CPU
		{24BBD596-354C-4938-85AE-FB7A5834AD98}.Release|Any CPU.ActiveCfg = Release|Any CPU
		{24BBD596-354C-4938-85AE-FB7A5834AD98}.Release|Any CPU.Build.0 = Release|Any CPU
		{06CE66FB-4611-4796-86E4-5C7A439EA731}.Debug|Any CPU.ActiveCfg = Debug|Any CPU
		{06CE66FB-4611-4796-86E4-5C7A439EA731}.Debug|Any CPU.Build.0 = Debug|Any CPU
		{06CE66FB-4611-4796-86E4-5C7A439EA731}.Release|Any CPU.ActiveCfg = Release|Any CPU
		{06CE66FB-4611-4796-86E4-5C7A439EA731}.Release|Any CPU.Build.0 = Release|Any CPU
		{549FEA7E-9817-487E-936D-D6F812615D8D}.Debug|Any CPU.ActiveCfg = Debug|Any CPU
		{549FEA7E-9817-487E-936D-D6F812615D8D}.Debug|Any CPU.Build.0 = Debug|Any CPU
		{549FEA7E-9817-487E-936D-D6F812615D8D}.Release|Any CPU.ActiveCfg = Release|Any CPU
		{549FEA7E-9817-487E-936D-D6F812615D8D}.Release|Any CPU.Build.0 = Release|Any CPU
		{1212A26A-ABC2-4D31-9F77-1FA3964BBA82}.Debug|Any CPU.ActiveCfg = Debug|Any CPU
		{1212A26A-ABC2-4D31-9F77-1FA3964BBA82}.Debug|Any CPU.Build.0 = Debug|Any CPU
		{1212A26A-ABC2-4D31-9F77-1FA3964BBA82}.Release|Any CPU.ActiveCfg = Release|Any CPU
		{1212A26A-ABC2-4D31-9F77-1FA3964BBA82}.Release|Any CPU.Build.0 = Release|Any CPU
		{5124B29E-6C3A-4B95-8243-16287BF39CD6}.Debug|Any CPU.ActiveCfg = Debug|Any CPU
		{5124B29E-6C3A-4B95-8243-16287BF39CD6}.Debug|Any CPU.Build.0 = Debug|Any CPU
		{5124B29E-6C3A-4B95-8243-16287BF39CD6}.Release|Any CPU.ActiveCfg = Release|Any CPU
		{5124B29E-6C3A-4B95-8243-16287BF39CD6}.Release|Any CPU.Build.0 = Release|Any CPU
	EndGlobalSection
	GlobalSection(NestedProjects) = preSolution
		{6817B65F-4641-4FDC-8FA9-86DAD217D2F5} = {E2D51747-4E86-4814-A876-D39C917D95E2}
		{60D1120C-70EA-4D6F-9E82-B61AB5658238} = {E2D51747-4E86-4814-A876-D39C917D95E2}
		{0B01EC8A-4CE0-4223-82FC-B89ED35E2F90} = {DFB23DA3-45A2-499B-9683-D4349670B677}
		{B0CF87E3-AF1E-4948-AD32-171ECB03DFC9} = {E2D51747-4E86-4814-A876-D39C917D95E2}
		{E377FAA2-D1ED-4987-81CB-BB84D66B4143} = {DFB23DA3-45A2-499B-9683-D4349670B677}
		{45F55649-FADF-497C-9E9A-C5D96BBEE960} = {E377FAA2-D1ED-4987-81CB-BB84D66B4143}
		{1DAD3545-0EE1-4070-94AC-1CD9F3050372} = {E377FAA2-D1ED-4987-81CB-BB84D66B4143}
		{619B6AB9-5516-4459-AF03-FF3070DE35BD} = {DFB23DA3-45A2-499B-9683-D4349670B677}
		{F2F3FED2-E2F4-4BEC-A437-17D27FDCB040} = {E2D51747-4E86-4814-A876-D39C917D95E2}
		{418BC39D-C665-43EA-8BAD-3780806A6ABF} = {F2F3FED2-E2F4-4BEC-A437-17D27FDCB040}
		{EE154E2C-08D7-4A0F-9116-4CD80CCE3BDF} = {DFB23DA3-45A2-499B-9683-D4349670B677}
		{17F066E8-A174-4BFC-88DC-1259B438768A} = {E2D51747-4E86-4814-A876-D39C917D95E2}
		{455EDC73-EA94-4A32-8DA8-0EEC7E41C245} = {E377FAA2-D1ED-4987-81CB-BB84D66B4143}
		{1FDC640F-8AFB-4CFC-9F72-AC7F72495005} = {DFB23DA3-45A2-499B-9683-D4349670B677}
		{97C13304-902E-4A90-A76D-6D2E46DE091C} = {E2D51747-4E86-4814-A876-D39C917D95E2}
		{333AB1F2-8FBB-486F-90AE-CBEE11435F8D} = {E377FAA2-D1ED-4987-81CB-BB84D66B4143}
		{24BBD596-354C-4938-85AE-FB7A5834AD98} = {DFB23DA3-45A2-499B-9683-D4349670B677}
		{06CE66FB-4611-4796-86E4-5C7A439EA731} = {E2D51747-4E86-4814-A876-D39C917D95E2}
		{549FEA7E-9817-487E-936D-D6F812615D8D} = {E2D51747-4E86-4814-A876-D39C917D95E2}
		{1212A26A-ABC2-4D31-9F77-1FA3964BBA82} = {F2F3FED2-E2F4-4BEC-A437-17D27FDCB040}
	EndGlobalSection
EndGlobal
